// !$*UTF8*$!
{
	archiveVersion = 1;
	classes = {
	};
	objectVersion = 50;
	objects = {

/* Begin PBXBuildFile section */
		324AA78425B01D1F00B0B669 /* AppDelegate.swift in Sources */ = {isa = PBXBuildFile; fileRef = 324AA78325B01D1F00B0B669 /* AppDelegate.swift */; };
		324AA78625B01D1F00B0B669 /* SceneDelegate.swift in Sources */ = {isa = PBXBuildFile; fileRef = 324AA78525B01D1F00B0B669 /* SceneDelegate.swift */; };
		324AA78B25B01D1F00B0B669 /* Main.storyboard in Resources */ = {isa = PBXBuildFile; fileRef = 324AA78925B01D1F00B0B669 /* Main.storyboard */; };
		324AA78D25B01D2200B0B669 /* Assets.xcassets in Resources */ = {isa = PBXBuildFile; fileRef = 324AA78C25B01D2200B0B669 /* Assets.xcassets */; };
		324AA79025B01D2200B0B669 /* LaunchScreen.storyboard in Resources */ = {isa = PBXBuildFile; fileRef = 324AA78E25B01D2200B0B669 /* LaunchScreen.storyboard */; };
		324AA79B25B01D2300B0B669 /* ContactListTests.swift in Sources */ = {isa = PBXBuildFile; fileRef = 324AA79A25B01D2300B0B669 /* ContactListTests.swift */; };
		324AA7A625B01D2300B0B669 /* ContactListUITests.swift in Sources */ = {isa = PBXBuildFile; fileRef = 324AA7A525B01D2300B0B669 /* ContactListUITests.swift */; };
		324AA7C025B02B4800B0B669 /* HomeViewController.swift in Sources */ = {isa = PBXBuildFile; fileRef = 324AA7BF25B02B4800B0B669 /* HomeViewController.swift */; };
		324AA7C825B02C5900B0B669 /* HomeTableViewCell.swift in Sources */ = {isa = PBXBuildFile; fileRef = 324AA7C725B02C5900B0B669 /* HomeTableViewCell.swift */; };
		324AA7CD25B02E6100B0B669 /* ContactPageViewController.swift in Sources */ = {isa = PBXBuildFile; fileRef = 324AA7CC25B02E6100B0B669 /* ContactPageViewController.swift */; };
		324AA7D225B02F2500B0B669 /* ContactMode.swift in Sources */ = {isa = PBXBuildFile; fileRef = 324AA7D125B02F2500B0B669 /* ContactMode.swift */; };
		324AA7DA25B0540500B0B669 /* us_senators 2.json in Resources */ = {isa = PBXBuildFile; fileRef = 324AA7D925B0540400B0B669 /* us_senators 2.json */; };
/* End PBXBuildFile section */

/* Begin PBXContainerItemProxy section */
		324AA79725B01D2300B0B669 /* PBXContainerItemProxy */ = {
			isa = PBXContainerItemProxy;
			containerPortal = 324AA77825B01D1F00B0B669 /* Project object */;
			proxyType = 1;
			remoteGlobalIDString = 324AA77F25B01D1F00B0B669;
			remoteInfo = ContactList;
		};
		324AA7A225B01D2300B0B669 /* PBXContainerItemProxy */ = {
			isa = PBXContainerItemProxy;
			containerPortal = 324AA77825B01D1F00B0B669 /* Project object */;
			proxyType = 1;
			remoteGlobalIDString = 324AA77F25B01D1F00B0B669;
			remoteInfo = ContactList;
		};
/* End PBXContainerItemProxy section */

/* Begin PBXFileReference section */
		324AA78025B01D1F00B0B669 /* ContactList.app */ = {isa = PBXFileReference; explicitFileType = wrapper.application; includeInIndex = 0; path = ContactList.app; sourceTree = BUILT_PRODUCTS_DIR; };
		324AA78325B01D1F00B0B669 /* AppDelegate.swift */ = {isa = PBXFileReference; lastKnownFileType = sourcecode.swift; path = AppDelegate.swift; sourceTree = "<group>"; };
		324AA78525B01D1F00B0B669 /* SceneDelegate.swift */ = {isa = PBXFileReference; lastKnownFileType = sourcecode.swift; path = SceneDelegate.swift; sourceTree = "<group>"; };
		324AA78A25B01D1F00B0B669 /* Base */ = {isa = PBXFileReference; lastKnownFileType = file.storyboard; name = Base; path = Base.lproj/Main.storyboard; sourceTree = "<group>"; };
		324AA78C25B01D2200B0B669 /* Assets.xcassets */ = {isa = PBXFileReference; lastKnownFileType = folder.assetcatalog; path = Assets.xcassets; sourceTree = "<group>"; };
		324AA78F25B01D2200B0B669 /* Base */ = {isa = PBXFileReference; lastKnownFileType = file.storyboard; name = Base; path = Base.lproj/LaunchScreen.storyboard; sourceTree = "<group>"; };
		324AA79125B01D2200B0B669 /* Info.plist */ = {isa = PBXFileReference; lastKnownFileType = text.plist.xml; path = Info.plist; sourceTree = "<group>"; };
		324AA79625B01D2300B0B669 /* ContactListTests.xctest */ = {isa = PBXFileReference; explicitFileType = wrapper.cfbundle; includeInIndex = 0; path = ContactListTests.xctest; sourceTree = BUILT_PRODUCTS_DIR; };
		324AA79A25B01D2300B0B669 /* ContactListTests.swift */ = {isa = PBXFileReference; lastKnownFileType = sourcecode.swift; path = ContactListTests.swift; sourceTree = "<group>"; };
		324AA79C25B01D2300B0B669 /* Info.plist */ = {isa = PBXFileReference; lastKnownFileType = text.plist.xml; path = Info.plist; sourceTree = "<group>"; };
		324AA7A125B01D2300B0B669 /* ContactListUITests.xctest */ = {isa = PBXFileReference; explicitFileType = wrapper.cfbundle; includeInIndex = 0; path = ContactListUITests.xctest; sourceTree = BUILT_PRODUCTS_DIR; };
		324AA7A525B01D2300B0B669 /* ContactListUITests.swift */ = {isa = PBXFileReference; lastKnownFileType = sourcecode.swift; path = ContactListUITests.swift; sourceTree = "<group>"; };
		324AA7A725B01D2300B0B669 /* Info.plist */ = {isa = PBXFileReference; lastKnownFileType = text.plist.xml; path = Info.plist; sourceTree = "<group>"; };
		324AA7BF25B02B4800B0B669 /* HomeViewController.swift */ = {isa = PBXFileReference; lastKnownFileType = sourcecode.swift; path = HomeViewController.swift; sourceTree = "<group>"; };
		324AA7C725B02C5900B0B669 /* HomeTableViewCell.swift */ = {isa = PBXFileReference; lastKnownFileType = sourcecode.swift; path = HomeTableViewCell.swift; sourceTree = "<group>"; };
		324AA7CC25B02E6100B0B669 /* ContactPageViewController.swift */ = {isa = PBXFileReference; lastKnownFileType = sourcecode.swift; path = ContactPageViewController.swift; sourceTree = "<group>"; };
		324AA7D125B02F2500B0B669 /* ContactMode.swift */ = {isa = PBXFileReference; lastKnownFileType = sourcecode.swift; path = ContactMode.swift; sourceTree = "<group>"; };
		324AA7D925B0540400B0B669 /* us_senators 2.json */ = {isa = PBXFileReference; fileEncoding = 4; lastKnownFileType = text.json; path = "us_senators 2.json"; sourceTree = "<group>"; };
/* End PBXFileReference section */

/* Begin PBXFrameworksBuildPhase section */
		324AA77D25B01D1F00B0B669 /* Frameworks */ = {
			isa = PBXFrameworksBuildPhase;
			buildActionMask = 2147483647;
			files = (
			);
			runOnlyForDeploymentPostprocessing = 0;
		};
		324AA79325B01D2300B0B669 /* Frameworks */ = {
			isa = PBXFrameworksBuildPhase;
			buildActionMask = 2147483647;
			files = (
			);
			runOnlyForDeploymentPostprocessing = 0;
		};
		324AA79E25B01D2300B0B669 /* Frameworks */ = {
			isa = PBXFrameworksBuildPhase;
			buildActionMask = 2147483647;
			files = (
			);
			runOnlyForDeploymentPostprocessing = 0;
		};
/* End PBXFrameworksBuildPhase section */

/* Begin PBXGroup section */
		324AA77725B01D1F00B0B669 = {
			isa = PBXGroup;
			children = (
				324AA78225B01D1F00B0B669 /* ContactList */,
				324AA79925B01D2300B0B669 /* ContactListTests */,
				324AA7A425B01D2300B0B669 /* ContactListUITests */,
				324AA78125B01D1F00B0B669 /* Products */,
			);
			sourceTree = "<group>";
		};
		324AA78125B01D1F00B0B669 /* Products */ = {
			isa = PBXGroup;
			children = (
				324AA78025B01D1F00B0B669 /* ContactList.app */,
				324AA79625B01D2300B0B669 /* ContactListTests.xctest */,
				324AA7A125B01D2300B0B669 /* ContactListUITests.xctest */,
			);
			name = Products;
			sourceTree = "<group>";
		};
		324AA78225B01D1F00B0B669 /* ContactList */ = {
			isa = PBXGroup;
			children = (
				324AA7BE25B02B2500B0B669 /* View */,
				324AA7BC25B02B1300B0B669 /* Controller */,
				324AA7BB25B02B0500B0B669 /* Model */,
				324AA78325B01D1F00B0B669 /* AppDelegate.swift */,
				324AA78525B01D1F00B0B669 /* SceneDelegate.swift */,
				324AA78C25B01D2200B0B669 /* Assets.xcassets */,
				324AA78E25B01D2200B0B669 /* LaunchScreen.storyboard */,
				324AA79125B01D2200B0B669 /* Info.plist */,
			);
			path = ContactList;
			sourceTree = "<group>";
		};
		324AA79925B01D2300B0B669 /* ContactListTests */ = {
			isa = PBXGroup;
			children = (
				324AA79A25B01D2300B0B669 /* ContactListTests.swift */,
				324AA79C25B01D2300B0B669 /* Info.plist */,
			);
			path = ContactListTests;
			sourceTree = "<group>";
		};
		324AA7A425B01D2300B0B669 /* ContactListUITests */ = {
			isa = PBXGroup;
			children = (
				324AA7A525B01D2300B0B669 /* ContactListUITests.swift */,
				324AA7A725B01D2300B0B669 /* Info.plist */,
			);
			path = ContactListUITests;
			sourceTree = "<group>";
		};
		324AA7BB25B02B0500B0B669 /* Model */ = {
			isa = PBXGroup;
			children = (
				324AA7D125B02F2500B0B669 /* ContactMode.swift */,
				324AA7D925B0540400B0B669 /* us_senators 2.json */,
			);
			path = Model;
			sourceTree = "<group>";
		};
		324AA7BC25B02B1300B0B669 /* Controller */ = {
			isa = PBXGroup;
			children = (
				324AA7BF25B02B4800B0B669 /* HomeViewController.swift */,
				324AA7CC25B02E6100B0B669 /* ContactPageViewController.swift */,
			);
			path = Controller;
			sourceTree = "<group>";
		};
		324AA7BE25B02B2500B0B669 /* View */ = {
			isa = PBXGroup;
			children = (
				324AA78925B01D1F00B0B669 /* Main.storyboard */,
				324AA7C725B02C5900B0B669 /* HomeTableViewCell.swift */,
			);
			path = View;
			sourceTree = "<group>";
		};
/* End PBXGroup section */

/* Begin PBXNativeTarget section */
		324AA77F25B01D1F00B0B669 /* ContactList */ = {
			isa = PBXNativeTarget;
			buildConfigurationList = 324AA7AA25B01D2300B0B669 /* Build configuration list for PBXNativeTarget "ContactList" */;
			buildPhases = (
				324AA77C25B01D1F00B0B669 /* Sources */,
				324AA77D25B01D1F00B0B669 /* Frameworks */,
				324AA77E25B01D1F00B0B669 /* Resources */,
			);
			buildRules = (
			);
			dependencies = (
			);
			name = ContactList;
			productName = ContactList;
			productReference = 324AA78025B01D1F00B0B669 /* ContactList.app */;
			productType = "com.apple.product-type.application";
		};
		324AA79525B01D2300B0B669 /* ContactListTests */ = {
			isa = PBXNativeTarget;
			buildConfigurationList = 324AA7AD25B01D2300B0B669 /* Build configuration list for PBXNativeTarget "ContactListTests" */;
			buildPhases = (
				324AA79225B01D2300B0B669 /* Sources */,
				324AA79325B01D2300B0B669 /* Frameworks */,
				324AA79425B01D2300B0B669 /* Resources */,
			);
			buildRules = (
			);
			dependencies = (
				324AA79825B01D2300B0B669 /* PBXTargetDependency */,
			);
			name = ContactListTests;
			productName = ContactListTests;
			productReference = 324AA79625B01D2300B0B669 /* ContactListTests.xctest */;
			productType = "com.apple.product-type.bundle.unit-test";
		};
		324AA7A025B01D2300B0B669 /* ContactListUITests */ = {
			isa = PBXNativeTarget;
			buildConfigurationList = 324AA7B025B01D2300B0B669 /* Build configuration list for PBXNativeTarget "ContactListUITests" */;
			buildPhases = (
				324AA79D25B01D2300B0B669 /* Sources */,
				324AA79E25B01D2300B0B669 /* Frameworks */,
				324AA79F25B01D2300B0B669 /* Resources */,
			);
			buildRules = (
			);
			dependencies = (
				324AA7A325B01D2300B0B669 /* PBXTargetDependency */,
			);
			name = ContactListUITests;
			productName = ContactListUITests;
			productReference = 324AA7A125B01D2300B0B669 /* ContactListUITests.xctest */;
			productType = "com.apple.product-type.bundle.ui-testing";
		};
/* End PBXNativeTarget section */

/* Begin PBXProject section */
		324AA77825B01D1F00B0B669 /* Project object */ = {
			isa = PBXProject;
			attributes = {
				LastSwiftUpdateCheck = 1230;
				LastUpgradeCheck = 1230;
				TargetAttributes = {
					324AA77F25B01D1F00B0B669 = {
						CreatedOnToolsVersion = 12.3;
					};
					324AA79525B01D2300B0B669 = {
						CreatedOnToolsVersion = 12.3;
						TestTargetID = 324AA77F25B01D1F00B0B669;
					};
					324AA7A025B01D2300B0B669 = {
						CreatedOnToolsVersion = 12.3;
						TestTargetID = 324AA77F25B01D1F00B0B669;
					};
				};
			};
			buildConfigurationList = 324AA77B25B01D1F00B0B669 /* Build configuration list for PBXProject "ContactList" */;
			compatibilityVersion = "Xcode 9.3";
			developmentRegion = en;
			hasScannedForEncodings = 0;
			knownRegions = (
				en,
				Base,
			);
			mainGroup = 324AA77725B01D1F00B0B669;
			productRefGroup = 324AA78125B01D1F00B0B669 /* Products */;
			projectDirPath = "";
			projectRoot = "";
			targets = (
				324AA77F25B01D1F00B0B669 /* ContactList */,
				324AA79525B01D2300B0B669 /* ContactListTests */,
				324AA7A025B01D2300B0B669 /* ContactListUITests */,
			);
		};
/* End PBXProject section */

/* Begin PBXResourcesBuildPhase section */
		324AA77E25B01D1F00B0B669 /* Resources */ = {
			isa = PBXResourcesBuildPhase;
			buildActionMask = 2147483647;
			files = (
				324AA79025B01D2200B0B669 /* LaunchScreen.storyboard in Resources */,
				324AA78D25B01D2200B0B669 /* Assets.xcassets in Resources */,
				324AA7DA25B0540500B0B669 /* us_senators 2.json in Resources */,
				324AA78B25B01D1F00B0B669 /* Main.storyboard in Resources */,
			);
			runOnlyForDeploymentPostprocessing = 0;
		};
		324AA79425B01D2300B0B669 /* Resources */ = {
			isa = PBXResourcesBuildPhase;
			buildActionMask = 2147483647;
			files = (
			);
			runOnlyForDeploymentPostprocessing = 0;
		};
		324AA79F25B01D2300B0B669 /* Resources */ = {
			isa = PBXResourcesBuildPhase;
			buildActionMask = 2147483647;
			files = (
			);
			runOnlyForDeploymentPostprocessing = 0;
		};
/* End PBXResourcesBuildPhase section */

/* Begin PBXSourcesBuildPhase section */
		324AA77C25B01D1F00B0B669 /* Sources */ = {
			isa = PBXSourcesBuildPhase;
			buildActionMask = 2147483647;
			files = (
				324AA7C025B02B4800B0B669 /* HomeViewController.swift in Sources */,
				324AA7C825B02C5900B0B669 /* HomeTableViewCell.swift in Sources */,
				324AA7CD25B02E6100B0B669 /* ContactPageViewController.swift in Sources */,
				324AA78425B01D1F00B0B669 /* AppDelegate.swift in Sources */,
				324AA7D225B02F2500B0B669 /* ContactMode.swift in Sources */,
				324AA78625B01D1F00B0B669 /* SceneDelegate.swift in Sources */,
			);
			runOnlyForDeploymentPostprocessing = 0;
		};
		324AA79225B01D2300B0B669 /* Sources */ = {
			isa = PBXSourcesBuildPhase;
			buildActionMask = 2147483647;
			files = (
				324AA79B25B01D2300B0B669 /* ContactListTests.swift in Sources */,
			);
			runOnlyForDeploymentPostprocessing = 0;
		};
		324AA79D25B01D2300B0B669 /* Sources */ = {
			isa = PBXSourcesBuildPhase;
			buildActionMask = 2147483647;
			files = (
				324AA7A625B01D2300B0B669 /* ContactListUITests.swift in Sources */,
			);
			runOnlyForDeploymentPostprocessing = 0;
		};
/* End PBXSourcesBuildPhase section */

/* Begin PBXTargetDependency section */
		324AA79825B01D2300B0B669 /* PBXTargetDependency */ = {
			isa = PBXTargetDependency;
			target = 324AA77F25B01D1F00B0B669 /* ContactList */;
			targetProxy = 324AA79725B01D2300B0B669 /* PBXContainerItemProxy */;
		};
		324AA7A325B01D2300B0B669 /* PBXTargetDependency */ = {
			isa = PBXTargetDependency;
			target = 324AA77F25B01D1F00B0B669 /* ContactList */;
			targetProxy = 324AA7A225B01D2300B0B669 /* PBXContainerItemProxy */;
		};
/* End PBXTargetDependency section */

/* Begin PBXVariantGroup section */
		324AA78925B01D1F00B0B669 /* Main.storyboard */ = {
			isa = PBXVariantGroup;
			children = (
				324AA78A25B01D1F00B0B669 /* Base */,
			);
			name = Main.storyboard;
			sourceTree = "<group>";
		};
		324AA78E25B01D2200B0B669 /* LaunchScreen.storyboard */ = {
			isa = PBXVariantGroup;
			children = (
				324AA78F25B01D2200B0B669 /* Base */,
			);
			name = LaunchScreen.storyboard;
			sourceTree = "<group>";
		};
/* End PBXVariantGroup section */

/* Begin XCBuildConfiguration section */
		324AA7A825B01D2300B0B669 /* Debug */ = {
			isa = XCBuildConfiguration;
			buildSettings = {
				ALWAYS_SEARCH_USER_PATHS = NO;
				CLANG_ANALYZER_NONNULL = YES;
				CLANG_ANALYZER_NUMBER_OBJECT_CONVERSION = YES_AGGRESSIVE;
				CLANG_CXX_LANGUAGE_STANDARD = "gnu++14";
				CLANG_CXX_LIBRARY = "libc++";
				CLANG_ENABLE_MODULES = YES;
				CLANG_ENABLE_OBJC_ARC = YES;
				CLANG_ENABLE_OBJC_WEAK = YES;
				CLANG_WARN_BLOCK_CAPTURE_AUTORELEASING = YES;
				CLANG_WARN_BOOL_CONVERSION = YES;
				CLANG_WARN_COMMA = YES;
				CLANG_WARN_CONSTANT_CONVERSION = YES;
				CLANG_WARN_DEPRECATED_OBJC_IMPLEMENTATIONS = YES;
				CLANG_WARN_DIRECT_OBJC_ISA_USAGE = YES_ERROR;
				CLANG_WARN_DOCUMENTATION_COMMENTS = YES;
				CLANG_WARN_EMPTY_BODY = YES;
				CLANG_WARN_ENUM_CONVERSION = YES;
				CLANG_WARN_INFINITE_RECURSION = YES;
				CLANG_WARN_INT_CONVERSION = YES;
				CLANG_WARN_NON_LITERAL_NULL_CONVERSION = YES;
				CLANG_WARN_OBJC_IMPLICIT_RETAIN_SELF = YES;
				CLANG_WARN_OBJC_LITERAL_CONVERSION = YES;
				CLANG_WARN_OBJC_ROOT_CLASS = YES_ERROR;
				CLANG_WARN_QUOTED_INCLUDE_IN_FRAMEWORK_HEADER = YES;
				CLANG_WARN_RANGE_LOOP_ANALYSIS = YES;
				CLANG_WARN_STRICT_PROTOTYPES = YES;
				CLANG_WARN_SUSPICIOUS_MOVE = YES;
				CLANG_WARN_UNGUARDED_AVAILABILITY = YES_AGGRESSIVE;
				CLANG_WARN_UNREACHABLE_CODE = YES;
				CLANG_WARN__DUPLICATE_METHOD_MATCH = YES;
				COPY_PHASE_STRIP = NO;
				DEBUG_INFORMATION_FORMAT = dwarf;
				ENABLE_STRICT_OBJC_MSGSEND = YES;
				ENABLE_TESTABILITY = YES;
				GCC_C_LANGUAGE_STANDARD = gnu11;
				GCC_DYNAMIC_NO_PIC = NO;
				GCC_NO_COMMON_BLOCKS = YES;
				GCC_OPTIMIZATION_LEVEL = 0;
				GCC_PREPROCESSOR_DEFINITIONS = (
					"DEBUG=1",
					"$(inherited)",
				);
				GCC_WARN_64_TO_32_BIT_CONVERSION = YES;
				GCC_WARN_ABOUT_RETURN_TYPE = YES_ERROR;
				GCC_WARN_UNDECLARED_SELECTOR = YES;
				GCC_WARN_UNINITIALIZED_AUTOS = YES_AGGRESSIVE;
				GCC_WARN_UNUSED_FUNCTION = YES;
				GCC_WARN_UNUSED_VARIABLE = YES;
				IPHONEOS_DEPLOYMENT_TARGET = 14.3;
				MTL_ENABLE_DEBUG_INFO = INCLUDE_SOURCE;
				MTL_FAST_MATH = YES;
				ONLY_ACTIVE_ARCH = YES;
				SDKROOT = iphoneos;
				SWIFT_ACTIVE_COMPILATION_CONDITIONS = DEBUG;
				SWIFT_OPTIMIZATION_LEVEL = "-Onone";
			};
			name = Debug;
		};
		324AA7A925B01D2300B0B669 /* Release */ = {
			isa = XCBuildConfiguration;
			buildSettings = {
				ALWAYS_SEARCH_USER_PATHS = NO;
				CLANG_ANALYZER_NONNULL = YES;
				CLANG_ANALYZER_NUMBER_OBJECT_CONVERSION = YES_AGGRESSIVE;
				CLANG_CXX_LANGUAGE_STANDARD = "gnu++14";
				CLANG_CXX_LIBRARY = "libc++";
				CLANG_ENABLE_MODULES = YES;
				CLANG_ENABLE_OBJC_ARC = YES;
				CLANG_ENABLE_OBJC_WEAK = YES;
				CLANG_WARN_BLOCK_CAPTURE_AUTORELEASING = YES;
				CLANG_WARN_BOOL_CONVERSION = YES;
				CLANG_WARN_COMMA = YES;
				CLANG_WARN_CONSTANT_CONVERSION = YES;
				CLANG_WARN_DEPRECATED_OBJC_IMPLEMENTATIONS = YES;
				CLANG_WARN_DIRECT_OBJC_ISA_USAGE = YES_ERROR;
				CLANG_WARN_DOCUMENTATION_COMMENTS = YES;
				CLANG_WARN_EMPTY_BODY = YES;
				CLANG_WARN_ENUM_CONVERSION = YES;
				CLANG_WARN_INFINITE_RECURSION = YES;
				CLANG_WARN_INT_CONVERSION = YES;
				CLANG_WARN_NON_LITERAL_NULL_CONVERSION = YES;
				CLANG_WARN_OBJC_IMPLICIT_RETAIN_SELF = YES;
				CLANG_WARN_OBJC_LITERAL_CONVERSION = YES;
				CLANG_WARN_OBJC_ROOT_CLASS = YES_ERROR;
				CLANG_WARN_QUOTED_INCLUDE_IN_FRAMEWORK_HEADER = YES;
				CLANG_WARN_RANGE_LOOP_ANALYSIS = YES;
				CLANG_WARN_STRICT_PROTOTYPES = YES;
				CLANG_WARN_SUSPICIOUS_MOVE = YES;
				CLANG_WARN_UNGUARDED_AVAILABILITY = YES_AGGRESSIVE;
				CLANG_WARN_UNREACHABLE_CODE = YES;
				CLANG_WARN__DUPLICATE_METHOD_MATCH = YES;
				COPY_PHASE_STRIP = NO;
				DEBUG_INFORMATION_FORMAT = "dwarf-with-dsym";
				ENABLE_NS_ASSERTIONS = NO;
				ENABLE_STRICT_OBJC_MSGSEND = YES;
				GCC_C_LANGUAGE_STANDARD = gnu11;
				GCC_NO_COMMON_BLOCKS = YES;
				GCC_WARN_64_TO_32_BIT_CONVERSION = YES;
				GCC_WARN_ABOUT_RETURN_TYPE = YES_ERROR;
				GCC_WARN_UNDECLARED_SELECTOR = YES;
				GCC_WARN_UNINITIALIZED_AUTOS = YES_AGGRESSIVE;
				GCC_WARN_UNUSED_FUNCTION = YES;
				GCC_WARN_UNUSED_VARIABLE = YES;
				IPHONEOS_DEPLOYMENT_TARGET = 14.3;
				MTL_ENABLE_DEBUG_INFO = NO;
				MTL_FAST_MATH = YES;
				SDKROOT = iphoneos;
				SWIFT_COMPILATION_MODE = wholemodule;
				SWIFT_OPTIMIZATION_LEVEL = "-O";
				VALIDATE_PRODUCT = YES;
			};
			name = Release;
		};
		324AA7AB25B01D2300B0B669 /* Debug */ = {
			isa = XCBuildConfiguration;
			buildSettings = {
				ASSETCATALOG_COMPILER_APPICON_NAME = AppIcon;
				ASSETCATALOG_COMPILER_GLOBAL_ACCENT_COLOR_NAME = AccentColor;
				CODE_SIGN_STYLE = Automatic;
				DEVELOPMENT_TEAM = QNCRGGWAT9;
				INFOPLIST_FILE = ContactList/Info.plist;
				LD_RUNPATH_SEARCH_PATHS = (
					"$(inherited)",
					"@executable_path/Frameworks",
				);
				PRODUCT_BUNDLE_IDENTIFIER = aa.ContactList;
				PRODUCT_NAME = "$(TARGET_NAME)";
				SWIFT_VERSION = 5.0;
				TARGETED_DEVICE_FAMILY = "1,2";
			};
			name = Debug;
		};
		324AA7AC25B01D2300B0B669 /* Release */ = {
			isa = XCBuildConfiguration;
			buildSettings = {
				ASSETCATALOG_COMPILER_APPICON_NAME = AppIcon;
				ASSETCATALOG_COMPILER_GLOBAL_ACCENT_COLOR_NAME = AccentColor;
				CODE_SIGN_STYLE = Automatic;
				DEVELOPMENT_TEAM = QNCRGGWAT9;
				INFOPLIST_FILE = ContactList/Info.plist;
				LD_RUNPATH_SEARCH_PATHS = (
					"$(inherited)",
					"@executable_path/Frameworks",
				);
				PRODUCT_BUNDLE_IDENTIFIER = aa.ContactList;
				PRODUCT_NAME = "$(TARGET_NAME)";
				SWIFT_VERSION = 5.0;
				TARGETED_DEVICE_FAMILY = "1,2";
			};
			name = Release;
		};
		324AA7AE25B01D2300B0B669 /* Debug */ = {
			isa = XCBuildConfiguration;
			buildSettings = {
				ALWAYS_EMBED_SWIFT_STANDARD_LIBRARIES = YES;
				BUNDLE_LOADER = "$(TEST_HOST)";
				CODE_SIGN_STYLE = Automatic;
				DEVELOPMENT_TEAM = QNCRGGWAT9;
				INFOPLIST_FILE = ContactListTests/Info.plist;
				IPHONEOS_DEPLOYMENT_TARGET = 14.3;
				LD_RUNPATH_SEARCH_PATHS = (
					"$(inherited)",
					"@executable_path/Frameworks",
					"@loader_path/Frameworks",
				);
				PRODUCT_BUNDLE_IDENTIFIER = aa.ContactListTests;
				PRODUCT_NAME = "$(TARGET_NAME)";
				SWIFT_VERSION = 5.0;
				TARGETED_DEVICE_FAMILY = "1,2";
				TEST_HOST = "$(BUILT_PRODUCTS_DIR)/ContactList.app/ContactList";
			};
			name = Debug;
		};
		324AA7AF25B01D2300B0B669 /* Release */ = {
			isa = XCBuildConfiguration;
			buildSettings = {
				ALWAYS_EMBED_SWIFT_STANDARD_LIBRARIES = YES;
				BUNDLE_LOADER = "$(TEST_HOST)";
				CODE_SIGN_STYLE = Automatic;
				DEVELOPMENT_TEAM = QNCRGGWAT9;
				INFOPLIST_FILE = ContactListTests/Info.plist;
				IPHONEOS_DEPLOYMENT_TARGET = 14.3;
				LD_RUNPATH_SEARCH_PATHS = (
					"$(inherited)",
					"@executable_path/Frameworks",
					"@loader_path/Frameworks",
				);
				PRODUCT_BUNDLE_IDENTIFIER = aa.ContactListTests;
				PRODUCT_NAME = "$(TARGET_NAME)";
				SWIFT_VERSION = 5.0;
				TARGETED_DEVICE_FAMILY = "1,2";
				TEST_HOST = "$(BUILT_PRODUCTS_DIR)/ContactList.app/ContactList";
			};
			name = Release;
		};
		324AA7B125B01D2300B0B669 /* Debug */ = {
			isa = XCBuildConfiguration;
			buildSettings = {
				ALWAYS_EMBED_SWIFT_STANDARD_LIBRARIES = YES;
				CODE_SIGN_STYLE = Automatic;
				DEVELOPMENT_TEAM = QNCRGGWAT9;
				INFOPLIST_FILE = ContactListUITests/Info.plist;
				LD_RUNPATH_SEARCH_PATHS = (
					"$(inherited)",
					"@executable_path/Frameworks",
					"@loader_path/Frameworks",
				);
				PRODUCT_BUNDLE_IDENTIFIER = aa.ContactListUITests;
				PRODUCT_NAME = "$(TARGET_NAME)";
				SWIFT_VERSION = 5.0;
				TARGETED_DEVICE_FAMILY = "1,2";
				TEST_TARGET_NAME = ContactList;
			};
			name = Debug;
		};
		324AA7B225B01D2300B0B669 /* Release */ = {
			isa = XCBuildConfiguration;
			buildSettings = {
				ALWAYS_EMBED_SWIFT_STANDARD_LIBRARIES = YES;
				CODE_SIGN_STYLE = Automatic;
				DEVELOPMENT_TEAM = QNCRGGWAT9;
				INFOPLIST_FILE = ContactListUITests/Info.plist;
				LD_RUNPATH_SEARCH_PATHS = (
					"$(inherited)",
					"@executable_path/Frameworks",
					"@loader_path/Frameworks",
				);
				PRODUCT_BUNDLE_IDENTIFIER = aa.ContactListUITests;
				PRODUCT_NAME = "$(TARGET_NAME)";
				SWIFT_VERSION = 5.0;
				TARGETED_DEVICE_FAMILY = "1,2";
				TEST_TARGET_NAME = ContactList;
			};
			name = Release;
		};
/* End XCBuildConfiguration section */

/* Begin XCConfigurationList section */
		324AA77B25B01D1F00B0B669 /* Build configuration list for PBXProject "ContactList" */ = {
			isa = XCConfigurationList;
			buildConfigurations = (
				324AA7A825B01D2300B0B669 /* Debug */,
				324AA7A925B01D2300B0B669 /* Release */,
			);
			defaultConfigurationIsVisible = 0;
			defaultConfigurationName = Release;
		};
		324AA7AA25B01D2300B0B669 /* Build configuration list for PBXNativeTarget "ContactList" */ = {
			isa = XCConfigurationList;
			buildConfigurations = (
				324AA7AB25B01D2300B0B669 /* Debug */,
				324AA7AC25B01D2300B0B669 /* Release */,
			);
			defaultConfigurationIsVisible = 0;
			defaultConfigurationName = Release;
		};
		324AA7AD25B01D2300B0B669 /* Build configuration list for PBXNativeTarget "ContactListTests" */ = {
			isa = XCConfigurationList;
			buildConfigurations = (
				324AA7AE25B01D2300B0B669 /* Debug */,
				324AA7AF25B01D2300B0B669 /* Release */,
			);
			defaultConfigurationIsVisible = 0;
			defaultConfigurationName = Release;
		};
		324AA7B025B01D2300B0B669 /* Build configuration list for PBXNativeTarget "ContactListUITests" */ = {
			isa = XCConfigurationList;
			buildConfigurations = (
				324AA7B125B01D2300B0B669 /* Debug */,
				324AA7B225B01D2300B0B669 /* Release */,
			);
			defaultConfigurationIsVisible = 0;
			defaultConfigurationName = Release;
		};
/* End XCConfigurationList section */
	};
	rootObject = 324AA77825B01D1F00B0B669 /* Project object */;
}
